
Microsoft Visual Studio Solution File, Format Version 12.00
# Visual Studio Version 17
VisualStudioVersion = 17.0.31903.59
MinimumVisualStudioVersion = 10.0.40219.1
Project("{9A19103F-16F7-4668-BE54-9A1E7A4F7556}") = "TaskApi", "TaskApi.csproj", "{61B3AECB-8DB1-400F-93CA-F8CC70CBA37E}"
EndProject
Project("{FAE04EC0-301F-11D3-BF4B-00C04F79EFBC}") = "Domain", "..\Domain\Domain.csproj", "{038DDD48-589D-4C34-ABEE-1E5B1F941EF5}"
EndProject
Project("{FAE04EC0-301F-11D3-BF4B-00C04F79EFBC}") = "Data", "..\Data\Data.csproj", "{FD1723D8-8C72-4998-93A8-BD66D714A65D}"
EndProject
Global
	GlobalSection(SolutionConfigurationPlatforms) = preSolution
		Debug|Any CPU = Debug|Any CPU
		Release|Any CPU = Release|Any CPU
	EndGlobalSection
	GlobalSection(ProjectConfigurationPlatforms) = postSolution
		{61B3AECB-8DB1-400F-93CA-F8CC70CBA37E}.Debug|Any CPU.ActiveCfg = Debug|Any CPU
		{61B3AECB-8DB1-400F-93CA-F8CC70CBA37E}.Debug|Any CPU.Build.0 = Debug|Any CPU
		{61B3AECB-8DB1-400F-93CA-F8CC70CBA37E}.Release|Any CPU.ActiveCfg = Release|Any CPU
		{61B3AECB-8DB1-400F-93CA-F8CC70CBA37E}.Release|Any CPU.Build.0 = Release|Any CPU
		{038DDD48-589D-4C34-ABEE-1E5B1F941EF5}.Debug|Any CPU.ActiveCfg = Debug|Any CPU
		{038DDD48-589D-4C34-ABEE-1E5B1F941EF5}.Debug|Any CPU.Build.0 = Debug|Any CPU
		{038DDD48-589D-4C34-ABEE-1E5B1F941EF5}.Release|Any CPU.ActiveCfg = Release|Any CPU
		{038DDD48-589D-4C34-ABEE-1E5B1F941EF5}.Release|Any CPU.Build.0 = Release|Any CPU
		{FD1723D8-8C72-4998-93A8-BD66D714A65D}.Debug|Any CPU.ActiveCfg = Debug|Any CPU
		{FD1723D8-8C72-4998-93A8-BD66D714A65D}.Debug|Any CPU.Build.0 = Debug|Any CPU
		{FD1723D8-8C72-4998-93A8-BD66D714A65D}.Release|Any CPU.ActiveCfg = Release|Any CPU
		{FD1723D8-8C72-4998-93A8-BD66D714A65D}.Release|Any CPU.Build.0 = Release|Any CPU
	EndGlobalSection
	GlobalSection(SolutionProperties) = preSolution
		HideSolutionNode = FALSE
	EndGlobalSection
	GlobalSection(ExtensibilityGlobals) = postSolution
		SolutionGuid = {D94E20FD-D2AB-43F1-9CA4-4F478C16C236}
	EndGlobalSection
EndGlobal
